
Microsoft Visual Studio Solution File, Format Version 12.00
# Visual Studio Version 16
VisualStudioVersion = 16.0.30011.22
MinimumVisualStudioVersion = 10.0.40219.1
Project("{FAE04EC0-301F-11D3-BF4B-00C04F79EFBC}") = "AspFinalProject_JotexLive_CodeAcademy", "AspFinalProject_JotexLive_CodeAcademy\AspFinalProject_JotexLive_CodeAcademy.csproj", "{08B7A0C6-9F4A-470B-A538-36BC7397623E}"
EndProject
Project("{FAE04EC0-301F-11D3-BF4B-00C04F79EFBC}") = "Repository", "Repository\Repository.csproj", "{2D5F9EC3-0D30-43A4-9719-C6C6E5C31F0B}"
EndProject
Global
	GlobalSection(SolutionConfigurationPlatforms) = preSolution
		Debug|Any CPU = Debug|Any CPU
		Release|Any CPU = Release|Any CPU
	EndGlobalSection
	GlobalSection(ProjectConfigurationPlatforms) = postSolution
		{08B7A0C6-9F4A-470B-A538-36BC7397623E}.Debug|Any CPU.ActiveCfg = Debug|Any CPU
		{08B7A0C6-9F4A-470B-A538-36BC7397623E}.Debug|Any CPU.Build.0 = Debug|Any CPU
		{08B7A0C6-9F4A-470B-A538-36BC7397623E}.Release|Any CPU.ActiveCfg = Release|Any CPU
		{08B7A0C6-9F4A-470B-A538-36BC7397623E}.Release|Any CPU.Build.0 = Release|Any CPU
		{2D5F9EC3-0D30-43A4-9719-C6C6E5C31F0B}.Debug|Any CPU.ActiveCfg = Debug|Any CPU
		{2D5F9EC3-0D30-43A4-9719-C6C6E5C31F0B}.Debug|Any CPU.Build.0 = Debug|Any CPU
		{2D5F9EC3-0D30-43A4-9719-C6C6E5C31F0B}.Release|Any CPU.ActiveCfg = Release|Any CPU
		{2D5F9EC3-0D30-43A4-9719-C6C6E5C31F0B}.Release|Any CPU.Build.0 = Release|Any CPU
	EndGlobalSection
	GlobalSection(SolutionProperties) = preSolution
		HideSolutionNode = FALSE
	EndGlobalSection
	GlobalSection(ExtensibilityGlobals) = postSolution
		SolutionGuid = {F41D0BCE-426A-4F14-906C-EE503B09B852}
	EndGlobalSection
EndGlobal
